
Microsoft Visual Studio Solution File, Format Version 12.00
# Visual Studio Version 17
VisualStudioVersion = 17.8.34408.163
MinimumVisualStudioVersion = 10.0.40219.1
Project("{FAE04EC0-301F-11D3-BF4B-00C04F79EFBC}") = "LabExcise", "LabExcise\LabExcise.csproj", "{97BE0D67-CCE5-43B0-942F-DF3DFA131A31}"
EndProject
Global
	GlobalSection(SolutionConfigurationPlatforms) = preSolution
		Debug|Any CPU = Debug|Any CPU
		Release|Any CPU = Release|Any CPU
	EndGlobalSection
	GlobalSection(ProjectConfigurationPlatforms) = postSolution
		{97BE0D67-CCE5-43B0-942F-DF3DFA131A31}.Debug|Any CPU.ActiveCfg = Debug|Any CPU
		{97BE0D67-CCE5-43B0-942F-DF3DFA131A31}.Debug|Any CPU.Build.0 = Debug|Any CPU
		{97BE0D67-CCE5-43B0-942F-DF3DFA131A31}.Release|Any CPU.ActiveCfg = Release|Any CPU
		{97BE0D67-CCE5-43B0-942F-DF3DFA131A31}.Release|Any CPU.Build.0 = Release|Any CPU
	EndGlobalSection
	GlobalSection(SolutionProperties) = preSolution
		HideSolutionNode = FALSE
	EndGlobalSection
	GlobalSection(ExtensibilityGlobals) = postSolution
		SolutionGuid = {4B7EB3DE-B38B-4088-B100-6B0C6CFC4BB6}
	EndGlobalSection
EndGlobal
